
Microsoft Visual Studio Solution File, Format Version 12.00
# Visual Studio Version 17
VisualStudioVersion = 17.8.34408.163
MinimumVisualStudioVersion = 10.0.40219.1
Project("{2150E333-8FDC-42A3-9474-1A3956D46DE8}") = "MicroServices", "MicroServices", "{B6B4E79B-D73D-4A88-BBB4-7BAB0E545E0C}"
EndProject
Project("{2150E333-8FDC-42A3-9474-1A3956D46DE8}") = "Catalog", "Catalog", "{39956C41-CE0D-4145-8683-F06A2C6BC854}"
EndProject
Project("{9A19103F-16F7-4668-BE54-9A1E7A4F7556}") = "Catalog.API", "MicroServices\Catalog\Catalog.API\Catalog.API.csproj", "{2412593F-2ABE-40C9-B9A9-6E3A174E5E1C}"
EndProject
Project("{9A19103F-16F7-4668-BE54-9A1E7A4F7556}") = "Catalog.Application", "MicroServices\Catalog\Catalog.Application\Catalog.Application.csproj", "{670C6CFB-175D-4445-BD59-C63A7FCBB941}"
EndProject
Project("{9A19103F-16F7-4668-BE54-9A1E7A4F7556}") = "Catalog.Core", "MicroServices\Catalog\Catalog.Core\Catalog.Core.csproj", "{A944CDD2-ACC9-455F-9DAF-690435815921}"
EndProject
Project("{9A19103F-16F7-4668-BE54-9A1E7A4F7556}") = "Catalog.Infrastructure", "MicroServices\Catalog\Catalog.Infrastructure\Catalog.Infrastructure.csproj", "{9C9F7F48-C0DF-4A10-A51B-CE99A1097E39}"
EndProject
Project("{2150E333-8FDC-42A3-9474-1A3956D46DE8}") = "Basket", "Basket", "{368185FB-84CB-4695-A1CD-615BB4CCBD6F}"
EndProject
Project("{9A19103F-16F7-4668-BE54-9A1E7A4F7556}") = "Basket.API", "MicroServices\Basket\Basket.API\Basket.API.csproj", "{FDB92AB1-A5B0-4AA1-86D9-111AA7B11962}"
EndProject
Project("{9A19103F-16F7-4668-BE54-9A1E7A4F7556}") = "Basket.Application", "MicroServices\Basket\Basket.Application\Basket.Application.csproj", "{E7DAE32A-7C8D-4974-92C7-68D6F1AFFF2E}"
EndProject
Project("{9A19103F-16F7-4668-BE54-9A1E7A4F7556}") = "Basket.Core", "MicroServices\Basket\Basket.Core\Basket.Core.csproj", "{39AD4E69-92AD-492A-A954-6B8D36ED6007}"
EndProject
Project("{9A19103F-16F7-4668-BE54-9A1E7A4F7556}") = "Basket.Infrastructure", "MicroServices\Basket\Basket.Infrastructure\Basket.Infrastructure.csproj", "{2C485E58-1612-4EA2-851B-21451ACDDCF2}"
EndProject
Project("{2150E333-8FDC-42A3-9474-1A3956D46DE8}") = "Discount", "Discount", "{23B52B3A-B6E4-47D5-AFE7-3F801C45C790}"
EndProject
Project("{9A19103F-16F7-4668-BE54-9A1E7A4F7556}") = "Discount.Core", "MicroServices\Discount\Discount.Core\Discount.Core.csproj", "{CDDE843E-FDA8-4175-9630-7C061E4820E1}"
EndProject
Project("{9A19103F-16F7-4668-BE54-9A1E7A4F7556}") = "Discount.Application", "MicroServices\Discount\Discount.Application\Discount.Application.csproj", "{0376A783-E084-4AD8-B46F-986E0DABCC7F}"
EndProject
Project("{9A19103F-16F7-4668-BE54-9A1E7A4F7556}") = "Discount.Infrastructure", "MicroServices\Discount\Discount.Infrastructure\Discount.Infrastructure.csproj", "{92148489-1A1D-4EF2-8103-D46C07F64DF4}"
EndProject
Project("{9A19103F-16F7-4668-BE54-9A1E7A4F7556}") = "Discount.API", "MicroServices\Discount\Discount.API\Discount.API.csproj", "{FEAB65CF-4254-4BE9-810F-70756DD105B6}"
EndProject
Project("{2150E333-8FDC-42A3-9474-1A3956D46DE8}") = "Ordering", "Ordering", "{1688BE96-345E-4CDF-8AC9-6393F5660507}"
EndProject
Project("{FAE04EC0-301F-11D3-BF4B-00C04F79EFBC}") = "Ordering.Core", "MicroServices\Ordering\Ordering.Core\Ordering.Core.csproj", "{E2F5D2F0-E562-4603-A126-C7515814BE8F}"
EndProject
Project("{FAE04EC0-301F-11D3-BF4B-00C04F79EFBC}") = "Ordering.Infrastructure", "MicroServices\Ordering\Ordering.Infrastructure\Ordering.Infrastructure.csproj", "{AA7D7F66-7C43-4E8F-A35A-113F6177964F}"
EndProject
Project("{FAE04EC0-301F-11D3-BF4B-00C04F79EFBC}") = "Ordering.Application", "MicroServices\Ordering\Ordering.Application\Ordering.Application.csproj", "{219E1361-722B-4AAC-8007-75549EF1F30E}"
EndProject
Project("{FAE04EC0-301F-11D3-BF4B-00C04F79EFBC}") = "Ordering.API", "MicroServices\Ordering\Ordering.API\Ordering.API.csproj", "{74FEA4DC-3217-4A2B-BA23-E2E050B08084}"
EndProject
Global
	GlobalSection(SolutionConfigurationPlatforms) = preSolution
		Debug|Any CPU = Debug|Any CPU
		Release|Any CPU = Release|Any CPU
	EndGlobalSection
	GlobalSection(ProjectConfigurationPlatforms) = postSolution
		{2412593F-2ABE-40C9-B9A9-6E3A174E5E1C}.Debug|Any CPU.ActiveCfg = Debug|Any CPU
		{2412593F-2ABE-40C9-B9A9-6E3A174E5E1C}.Debug|Any CPU.Build.0 = Debug|Any CPU
		{2412593F-2ABE-40C9-B9A9-6E3A174E5E1C}.Release|Any CPU.ActiveCfg = Release|Any CPU
		{2412593F-2ABE-40C9-B9A9-6E3A174E5E1C}.Release|Any CPU.Build.0 = Release|Any CPU
		{670C6CFB-175D-4445-BD59-C63A7FCBB941}.Debug|Any CPU.ActiveCfg = Debug|Any CPU
		{670C6CFB-175D-4445-BD59-C63A7FCBB941}.Debug|Any CPU.Build.0 = Debug|Any CPU
		{670C6CFB-175D-4445-BD59-C63A7FCBB941}.Release|Any CPU.ActiveCfg = Release|Any CPU
		{670C6CFB-175D-4445-BD59-C63A7FCBB941}.Release|Any CPU.Build.0 = Release|Any CPU
		{A944CDD2-ACC9-455F-9DAF-690435815921}.Debug|Any CPU.ActiveCfg = Debug|Any CPU
		{A944CDD2-ACC9-455F-9DAF-690435815921}.Debug|Any CPU.Build.0 = Debug|Any CPU
		{A944CDD2-ACC9-455F-9DAF-690435815921}.Release|Any CPU.ActiveCfg = Release|Any CPU
		{A944CDD2-ACC9-455F-9DAF-690435815921}.Release|Any CPU.Build.0 = Release|Any CPU
		{9C9F7F48-C0DF-4A10-A51B-CE99A1097E39}.Debug|Any CPU.ActiveCfg = Debug|Any CPU
		{9C9F7F48-C0DF-4A10-A51B-CE99A1097E39}.Debug|Any CPU.Build.0 = Debug|Any CPU
		{9C9F7F48-C0DF-4A10-A51B-CE99A1097E39}.Release|Any CPU.ActiveCfg = Release|Any CPU
		{9C9F7F48-C0DF-4A10-A51B-CE99A1097E39}.Release|Any CPU.Build.0 = Release|Any CPU
		{FDB92AB1-A5B0-4AA1-86D9-111AA7B11962}.Debug|Any CPU.ActiveCfg = Debug|Any CPU
		{FDB92AB1-A5B0-4AA1-86D9-111AA7B11962}.Debug|Any CPU.Build.0 = Debug|Any CPU
		{FDB92AB1-A5B0-4AA1-86D9-111AA7B11962}.Release|Any CPU.ActiveCfg = Release|Any CPU
		{FDB92AB1-A5B0-4AA1-86D9-111AA7B11962}.Release|Any CPU.Build.0 = Release|Any CPU
		{E7DAE32A-7C8D-4974-92C7-68D6F1AFFF2E}.Debug|Any CPU.ActiveCfg = Debug|Any CPU
		{E7DAE32A-7C8D-4974-92C7-68D6F1AFFF2E}.Debug|Any CPU.Build.0 = Debug|Any CPU
		{E7DAE32A-7C8D-4974-92C7-68D6F1AFFF2E}.Release|Any CPU.ActiveCfg = Release|Any CPU
		{E7DAE32A-7C8D-4974-92C7-68D6F1AFFF2E}.Release|Any CPU.Build.0 = Release|Any CPU
		{39AD4E69-92AD-492A-A954-6B8D36ED6007}.Debug|Any CPU.ActiveCfg = Debug|Any CPU
		{39AD4E69-92AD-492A-A954-6B8D36ED6007}.Debug|Any CPU.Build.0 = Debug|Any CPU
		{39AD4E69-92AD-492A-A954-6B8D36ED6007}.Release|Any CPU.ActiveCfg = Release|Any CPU
		{39AD4E69-92AD-492A-A954-6B8D36ED6007}.Release|Any CPU.Build.0 = Release|Any CPU
		{2C485E58-1612-4EA2-851B-21451ACDDCF2}.Debug|Any CPU.ActiveCfg = Debug|Any CPU
		{2C485E58-1612-4EA2-851B-21451ACDDCF2}.Debug|Any CPU.Build.0 = Debug|Any CPU
		{2C485E58-1612-4EA2-851B-21451ACDDCF2}.Release|Any CPU.ActiveCfg = Release|Any CPU
		{2C485E58-1612-4EA2-851B-21451ACDDCF2}.Release|Any CPU.Build.0 = Release|Any CPU
		{CDDE843E-FDA8-4175-9630-7C061E4820E1}.Debug|Any CPU.ActiveCfg = Debug|Any CPU
		{CDDE843E-FDA8-4175-9630-7C061E4820E1}.Debug|Any CPU.Build.0 = Debug|Any CPU
		{CDDE843E-FDA8-4175-9630-7C061E4820E1}.Release|Any CPU.ActiveCfg = Release|Any CPU
		{CDDE843E-FDA8-4175-9630-7C061E4820E1}.Release|Any CPU.Build.0 = Release|Any CPU
		{0376A783-E084-4AD8-B46F-986E0DABCC7F}.Debug|Any CPU.ActiveCfg = Debug|Any CPU
		{0376A783-E084-4AD8-B46F-986E0DABCC7F}.Debug|Any CPU.Build.0 = Debug|Any CPU
		{0376A783-E084-4AD8-B46F-986E0DABCC7F}.Release|Any CPU.ActiveCfg = Release|Any CPU
		{0376A783-E084-4AD8-B46F-986E0DABCC7F}.Release|Any CPU.Build.0 = Release|Any CPU
		{92148489-1A1D-4EF2-8103-D46C07F64DF4}.Debug|Any CPU.ActiveCfg = Debug|Any CPU
		{92148489-1A1D-4EF2-8103-D46C07F64DF4}.Debug|Any CPU.Build.0 = Debug|Any CPU
		{92148489-1A1D-4EF2-8103-D46C07F64DF4}.Release|Any CPU.ActiveCfg = Release|Any CPU
		{92148489-1A1D-4EF2-8103-D46C07F64DF4}.Release|Any CPU.Build.0 = Release|Any CPU
		{FEAB65CF-4254-4BE9-810F-70756DD105B6}.Debug|Any CPU.ActiveCfg = Debug|Any CPU
		{FEAB65CF-4254-4BE9-810F-70756DD105B6}.Debug|Any CPU.Build.0 = Debug|Any CPU
		{FEAB65CF-4254-4BE9-810F-70756DD105B6}.Release|Any CPU.ActiveCfg = Release|Any CPU
		{FEAB65CF-4254-4BE9-810F-70756DD105B6}.Release|Any CPU.Build.0 = Release|Any CPU
		{E2F5D2F0-E562-4603-A126-C7515814BE8F}.Debug|Any CPU.ActiveCfg = Debug|Any CPU
		{E2F5D2F0-E562-4603-A126-C7515814BE8F}.Debug|Any CPU.Build.0 = Debug|Any CPU
		{E2F5D2F0-E562-4603-A126-C7515814BE8F}.Release|Any CPU.ActiveCfg = Release|Any CPU
		{E2F5D2F0-E562-4603-A126-C7515814BE8F}.Release|Any CPU.Build.0 = Release|Any CPU
		{AA7D7F66-7C43-4E8F-A35A-113F6177964F}.Debug|Any CPU.ActiveCfg = Debug|Any CPU
		{AA7D7F66-7C43-4E8F-A35A-113F6177964F}.Debug|Any CPU.Build.0 = Debug|Any CPU
		{AA7D7F66-7C43-4E8F-A35A-113F6177964F}.Release|Any CPU.ActiveCfg = Release|Any CPU
		{AA7D7F66-7C43-4E8F-A35A-113F6177964F}.Release|Any CPU.Build.0 = Release|Any CPU
		{219E1361-722B-4AAC-8007-75549EF1F30E}.Debug|Any CPU.ActiveCfg = Debug|Any CPU
		{219E1361-722B-4AAC-8007-75549EF1F30E}.Debug|Any CPU.Build.0 = Debug|Any CPU
		{219E1361-722B-4AAC-8007-75549EF1F30E}.Release|Any CPU.ActiveCfg = Release|Any CPU
		{219E1361-722B-4AAC-8007-75549EF1F30E}.Release|Any CPU.Build.0 = Release|Any CPU
		{74FEA4DC-3217-4A2B-BA23-E2E050B08084}.Debug|Any CPU.ActiveCfg = Debug|Any CPU
		{74FEA4DC-3217-4A2B-BA23-E2E050B08084}.Debug|Any CPU.Build.0 = Debug|Any CPU
		{74FEA4DC-3217-4A2B-BA23-E2E050B08084}.Release|Any CPU.ActiveCfg = Release|Any CPU
		{74FEA4DC-3217-4A2B-BA23-E2E050B08084}.Release|Any CPU.Build.0 = Release|Any CPU
	EndGlobalSection
	GlobalSection(SolutionProperties) = preSolution
		HideSolutionNode = FALSE
	EndGlobalSection
	GlobalSection(NestedProjects) = preSolution
		{39956C41-CE0D-4145-8683-F06A2C6BC854} = {B6B4E79B-D73D-4A88-BBB4-7BAB0E545E0C}
		{2412593F-2ABE-40C9-B9A9-6E3A174E5E1C} = {39956C41-CE0D-4145-8683-F06A2C6BC854}
		{670C6CFB-175D-4445-BD59-C63A7FCBB941} = {39956C41-CE0D-4145-8683-F06A2C6BC854}
		{A944CDD2-ACC9-455F-9DAF-690435815921} = {39956C41-CE0D-4145-8683-F06A2C6BC854}
		{9C9F7F48-C0DF-4A10-A51B-CE99A1097E39} = {39956C41-CE0D-4145-8683-F06A2C6BC854}
		{368185FB-84CB-4695-A1CD-615BB4CCBD6F} = {B6B4E79B-D73D-4A88-BBB4-7BAB0E545E0C}
		{FDB92AB1-A5B0-4AA1-86D9-111AA7B11962} = {368185FB-84CB-4695-A1CD-615BB4CCBD6F}
		{E7DAE32A-7C8D-4974-92C7-68D6F1AFFF2E} = {368185FB-84CB-4695-A1CD-615BB4CCBD6F}
		{39AD4E69-92AD-492A-A954-6B8D36ED6007} = {368185FB-84CB-4695-A1CD-615BB4CCBD6F}
		{2C485E58-1612-4EA2-851B-21451ACDDCF2} = {368185FB-84CB-4695-A1CD-615BB4CCBD6F}
		{23B52B3A-B6E4-47D5-AFE7-3F801C45C790} = {B6B4E79B-D73D-4A88-BBB4-7BAB0E545E0C}
		{CDDE843E-FDA8-4175-9630-7C061E4820E1} = {23B52B3A-B6E4-47D5-AFE7-3F801C45C790}
		{0376A783-E084-4AD8-B46F-986E0DABCC7F} = {23B52B3A-B6E4-47D5-AFE7-3F801C45C790}
		{92148489-1A1D-4EF2-8103-D46C07F64DF4} = {23B52B3A-B6E4-47D5-AFE7-3F801C45C790}
		{FEAB65CF-4254-4BE9-810F-70756DD105B6} = {23B52B3A-B6E4-47D5-AFE7-3F801C45C790}
		{1688BE96-345E-4CDF-8AC9-6393F5660507} = {B6B4E79B-D73D-4A88-BBB4-7BAB0E545E0C}
		{E2F5D2F0-E562-4603-A126-C7515814BE8F} = {1688BE96-345E-4CDF-8AC9-6393F5660507}
		{AA7D7F66-7C43-4E8F-A35A-113F6177964F} = {1688BE96-345E-4CDF-8AC9-6393F5660507}
		{219E1361-722B-4AAC-8007-75549EF1F30E} = {1688BE96-345E-4CDF-8AC9-6393F5660507}
		{74FEA4DC-3217-4A2B-BA23-E2E050B08084} = {1688BE96-345E-4CDF-8AC9-6393F5660507}
	EndGlobalSection
	GlobalSection(ExtensibilityGlobals) = postSolution
		SolutionGuid = {51334CAE-FEA7-4443-9AC2-8386D53F5001}
	EndGlobalSection
EndGlobal
